
Microsoft Visual Studio Solution File, Format Version 11.00
# Visual Studio 2010
Project("{2150E333-8FDC-42A3-9474-1A3956D46DE8}") = "Solution Items", "Solution Items", "{DBDC14E2-3176-4EE5-8BC8-6F434E0DF346}"
	ProjectSection(SolutionItems) = preProject
		README = README
	EndProjectSection
EndProject
Project("{2150E333-8FDC-42A3-9474-1A3956D46DE8}") = "externals", "externals", "{90B4AC52-C8DC-459A-9A45-0C8549014B56}"
EndProject
Project("{8BC9CEB8-8B4A-11D0-8D11-00A0C91BC942}") = "glsw", "externals\glsw\glsw.vcxproj", "{2FB8FCD7-B6BB-4D31-B0BC-190674DFCF2B}"
EndProject
Project("{8BC9CEB8-8B4A-11D0-8D11-00A0C91BC942}") = "gl3w", "externals\gl3w\gl3w.vcxproj", "{001E5AB4-8FC9-47E0-A403-C194F23C26BD}"
EndProject
Project("{2150E333-8FDC-42A3-9474-1A3956D46DE8}") = "Applications", "Applications", "{60EE337D-9B74-46AE-91A0-26046B55B628}"
EndProject
Project("{8BC9CEB8-8B4A-11D0-8D11-00A0C91BC942}") = "WGLApplication", "applications\WGLApplication\WGLApplication.vcxproj", "{938A4809-2142-40FC-A387-3E57A7B1EE7F}"
	ProjectSection(ProjectDependencies) = postProject
		{09A912E5-4793-4FAE-8ECC-9D541F505DEF} = {09A912E5-4793-4FAE-8ECC-9D541F505DEF}
	EndProjectSection
EndProject
Project("{8BC9CEB8-8B4A-11D0-8D11-00A0C91BC942}") = "DirectXApplication", "applications\DirectXApplication\DirectXApplication.vcxproj", "{56836235-D541-409F-8627-9E4C8904EACC}"
	ProjectSection(ProjectDependencies) = postProject
		{09A912E5-4793-4FAE-8ECC-9D541F505DEF} = {09A912E5-4793-4FAE-8ECC-9D541F505DEF}
	EndProjectSection
EndProject
Project("{8BC9CEB8-8B4A-11D0-8D11-00A0C91BC942}") = "GeexEngine", "GeexEngine\GeexEngine.vcxproj", "{09A912E5-4793-4FAE-8ECC-9D541F505DEF}"
	ProjectSection(ProjectDependencies) = postProject
		{001E5AB4-8FC9-47E0-A403-C194F23C26BD} = {001E5AB4-8FC9-47E0-A403-C194F23C26BD}
		{2FB8FCD7-B6BB-4D31-B0BC-190674DFCF2B} = {2FB8FCD7-B6BB-4D31-B0BC-190674DFCF2B}
	EndProjectSection
EndProject
Project("{2150E333-8FDC-42A3-9474-1A3956D46DE8}") = "Renderer", "Renderer", "{390ED6EC-6CDE-42C8-9CC4-0E552CF2F2D2}"
EndProject
Project("{8BC9CEB8-8B4A-11D0-8D11-00A0C91BC942}") = "DirectXRenderer", "Renderer\DirectXRenderer\DirectXRenderer.vcxproj", "{D1D7F99C-B3E1-4A6F-86CA-FB391CE3D410}"
EndProject
Project("{8BC9CEB8-8B4A-11D0-8D11-00A0C91BC942}") = "OpenGLRenderer", "Renderer\OpenGLRenderer\OpenGLRenderer.vcxproj", "{F819DCA4-5597-4470-9D1C-B52CA51B4649}"
EndProject
Global
	GlobalSection(SolutionConfigurationPlatforms) = preSolution
		Debug|Any CPU = Debug|Any CPU
		Debug|Mixed Platforms = Debug|Mixed Platforms
		Debug|Win32 = Debug|Win32
		Debug|x64 = Debug|x64
		Release|Any CPU = Release|Any CPU
		Release|Mixed Platforms = Release|Mixed Platforms
		Release|Win32 = Release|Win32
		Release|x64 = Release|x64
	EndGlobalSection
	GlobalSection(ProjectConfigurationPlatforms) = postSolution
		{2FB8FCD7-B6BB-4D31-B0BC-190674DFCF2B}.Debug|Any CPU.ActiveCfg = Debug|Win32
		{2FB8FCD7-B6BB-4D31-B0BC-190674DFCF2B}.Debug|Mixed Platforms.ActiveCfg = Debug|Win32
		{2FB8FCD7-B6BB-4D31-B0BC-190674DFCF2B}.Debug|Mixed Platforms.Build.0 = Debug|Win32
		{2FB8FCD7-B6BB-4D31-B0BC-190674DFCF2B}.Debug|Win32.ActiveCfg = Debug|Win32
		{2FB8FCD7-B6BB-4D31-B0BC-190674DFCF2B}.Debug|Win32.Build.0 = Debug|Win32
		{2FB8FCD7-B6BB-4D31-B0BC-190674DFCF2B}.Debug|x64.ActiveCfg = Debug|Win32
		{2FB8FCD7-B6BB-4D31-B0BC-190674DFCF2B}.Release|Any CPU.ActiveCfg = Release|Win32
		{2FB8FCD7-B6BB-4D31-B0BC-190674DFCF2B}.Release|Mixed Platforms.ActiveCfg = Release|Win32
		{2FB8FCD7-B6BB-4D31-B0BC-190674DFCF2B}.Release|Mixed Platforms.Build.0 = Release|Win32
		{2FB8FCD7-B6BB-4D31-B0BC-190674DFCF2B}.Release|Win32.ActiveCfg = Release|Win32
		{2FB8FCD7-B6BB-4D31-B0BC-190674DFCF2B}.Release|Win32.Build.0 = Release|Win32
		{2FB8FCD7-B6BB-4D31-B0BC-190674DFCF2B}.Release|x64.ActiveCfg = Release|Win32
		{001E5AB4-8FC9-47E0-A403-C194F23C26BD}.Debug|Any CPU.ActiveCfg = Debug|Win32
		{001E5AB4-8FC9-47E0-A403-C194F23C26BD}.Debug|Mixed Platforms.ActiveCfg = Debug|Win32
		{001E5AB4-8FC9-47E0-A403-C194F23C26BD}.Debug|Mixed Platforms.Build.0 = Debug|Win32
		{001E5AB4-8FC9-47E0-A403-C194F23C26BD}.Debug|Win32.ActiveCfg = Debug|Win32
		{001E5AB4-8FC9-47E0-A403-C194F23C26BD}.Debug|Win32.Build.0 = Debug|Win32
		{001E5AB4-8FC9-47E0-A403-C194F23C26BD}.Debug|x64.ActiveCfg = Debug|Win32
		{001E5AB4-8FC9-47E0-A403-C194F23C26BD}.Release|Any CPU.ActiveCfg = Release|Win32
		{001E5AB4-8FC9-47E0-A403-C194F23C26BD}.Release|Mixed Platforms.ActiveCfg = Release|Win32
		{001E5AB4-8FC9-47E0-A403-C194F23C26BD}.Release|Mixed Platforms.Build.0 = Release|Win32
		{001E5AB4-8FC9-47E0-A403-C194F23C26BD}.Release|Win32.ActiveCfg = Release|Win32
		{001E5AB4-8FC9-47E0-A403-C194F23C26BD}.Release|Win32.Build.0 = Release|Win32
		{001E5AB4-8FC9-47E0-A403-C194F23C26BD}.Release|x64.ActiveCfg = Release|Win32
		{938A4809-2142-40FC-A387-3E57A7B1EE7F}.Debug|Any CPU.ActiveCfg = Debug|Win32
		{938A4809-2142-40FC-A387-3E57A7B1EE7F}.Debug|Mixed Platforms.ActiveCfg = Debug|Win32
		{938A4809-2142-40FC-A387-3E57A7B1EE7F}.Debug|Mixed Platforms.Build.0 = Debug|Win32
		{938A4809-2142-40FC-A387-3E57A7B1EE7F}.Debug|Win32.ActiveCfg = Debug|Win32
		{938A4809-2142-40FC-A387-3E57A7B1EE7F}.Debug|Win32.Build.0 = Debug|Win32
		{938A4809-2142-40FC-A387-3E57A7B1EE7F}.Debug|x64.ActiveCfg = Debug|Win32
		{938A4809-2142-40FC-A387-3E57A7B1EE7F}.Release|Any CPU.ActiveCfg = Release|Win32
		{938A4809-2142-40FC-A387-3E57A7B1EE7F}.Release|Mixed Platforms.ActiveCfg = Release|Win32
		{938A4809-2142-40FC-A387-3E57A7B1EE7F}.Release|Mixed Platforms.Build.0 = Release|Win32
		{938A4809-2142-40FC-A387-3E57A7B1EE7F}.Release|Win32.ActiveCfg = Release|Win32
		{938A4809-2142-40FC-A387-3E57A7B1EE7F}.Release|Win32.Build.0 = Release|Win32
		{938A4809-2142-40FC-A387-3E57A7B1EE7F}.Release|x64.ActiveCfg = Release|Win32
		{56836235-D541-409F-8627-9E4C8904EACC}.Debug|Any CPU.ActiveCfg = Debug|Win32
		{56836235-D541-409F-8627-9E4C8904EACC}.Debug|Mixed Platforms.ActiveCfg = Debug|Win32
		{56836235-D541-409F-8627-9E4C8904EACC}.Debug|Mixed Platforms.Build.0 = Debug|Win32
		{56836235-D541-409F-8627-9E4C8904EACC}.Debug|Win32.ActiveCfg = Debug|Win32
		{56836235-D541-409F-8627-9E4C8904EACC}.Debug|Win32.Build.0 = Debug|Win32
		{56836235-D541-409F-8627-9E4C8904EACC}.Debug|x64.ActiveCfg = Debug|Win32
		{56836235-D541-409F-8627-9E4C8904EACC}.Release|Any CPU.ActiveCfg = Release|Win32
		{56836235-D541-409F-8627-9E4C8904EACC}.Release|Mixed Platforms.ActiveCfg = Release|Win32
		{56836235-D541-409F-8627-9E4C8904EACC}.Release|Mixed Platforms.Build.0 = Release|Win32
		{56836235-D541-409F-8627-9E4C8904EACC}.Release|Win32.ActiveCfg = Release|Win32
		{56836235-D541-409F-8627-9E4C8904EACC}.Release|Win32.Build.0 = Release|Win32
		{56836235-D541-409F-8627-9E4C8904EACC}.Release|x64.ActiveCfg = Release|Win32
		{09A912E5-4793-4FAE-8ECC-9D541F505DEF}.Debug|Any CPU.ActiveCfg = Debug|x64
		{09A912E5-4793-4FAE-8ECC-9D541F505DEF}.Debug|Mixed Platforms.ActiveCfg = Debug|Win32
		{09A912E5-4793-4FAE-8ECC-9D541F505DEF}.Debug|Mixed Platforms.Build.0 = Debug|Win32
		{09A912E5-4793-4FAE-8ECC-9D541F505DEF}.Debug|Win32.ActiveCfg = Debug|Win32
		{09A912E5-4793-4FAE-8ECC-9D541F505DEF}.Debug|Win32.Build.0 = Debug|Win32
		{09A912E5-4793-4FAE-8ECC-9D541F505DEF}.Debug|x64.ActiveCfg = Debug|x64
		{09A912E5-4793-4FAE-8ECC-9D541F505DEF}.Debug|x64.Build.0 = Debug|x64
		{09A912E5-4793-4FAE-8ECC-9D541F505DEF}.Release|Any CPU.ActiveCfg = Release|x64
		{09A912E5-4793-4FAE-8ECC-9D541F505DEF}.Release|Mixed Platforms.ActiveCfg = Release|x64
		{09A912E5-4793-4FAE-8ECC-9D541F505DEF}.Release|Mixed Platforms.Build.0 = Release|x64
		{09A912E5-4793-4FAE-8ECC-9D541F505DEF}.Release|Win32.ActiveCfg = Release|Win32
		{09A912E5-4793-4FAE-8ECC-9D541F505DEF}.Release|Win32.Build.0 = Release|Win32
		{09A912E5-4793-4FAE-8ECC-9D541F505DEF}.Release|x64.ActiveCfg = Release|x64
		{09A912E5-4793-4FAE-8ECC-9D541F505DEF}.Release|x64.Build.0 = Release|x64
		{D1D7F99C-B3E1-4A6F-86CA-FB391CE3D410}.Debug|Any CPU.ActiveCfg = Debug|Win32
		{D1D7F99C-B3E1-4A6F-86CA-FB391CE3D410}.Debug|Mixed Platforms.ActiveCfg = Debug|Win32
		{D1D7F99C-B3E1-4A6F-86CA-FB391CE3D410}.Debug|Mixed Platforms.Build.0 = Debug|Win32
		{D1D7F99C-B3E1-4A6F-86CA-FB391CE3D410}.Debug|Win32.ActiveCfg = Debug|Win32
		{D1D7F99C-B3E1-4A6F-86CA-FB391CE3D410}.Debug|Win32.Build.0 = Debug|Win32
		{D1D7F99C-B3E1-4A6F-86CA-FB391CE3D410}.Debug|x64.ActiveCfg = Debug|Win32
		{D1D7F99C-B3E1-4A6F-86CA-FB391CE3D410}.Release|Any CPU.ActiveCfg = Release|Win32
		{D1D7F99C-B3E1-4A6F-86CA-FB391CE3D410}.Release|Mixed Platforms.ActiveCfg = Release|Win32
		{D1D7F99C-B3E1-4A6F-86CA-FB391CE3D410}.Release|Mixed Platforms.Build.0 = Release|Win32
		{D1D7F99C-B3E1-4A6F-86CA-FB391CE3D410}.Release|Win32.ActiveCfg = Release|Win32
		{D1D7F99C-B3E1-4A6F-86CA-FB391CE3D410}.Release|Win32.Build.0 = Release|Win32
		{D1D7F99C-B3E1-4A6F-86CA-FB391CE3D410}.Release|x64.ActiveCfg = Release|Win32
		{F819DCA4-5597-4470-9D1C-B52CA51B4649}.Debug|Any CPU.ActiveCfg = Debug|Win32
		{F819DCA4-5597-4470-9D1C-B52CA51B4649}.Debug|Mixed Platforms.ActiveCfg = Debug|Win32
		{F819DCA4-5597-4470-9D1C-B52CA51B4649}.Debug|Mixed Platforms.Build.0 = Debug|Win32
		{F819DCA4-5597-4470-9D1C-B52CA51B4649}.Debug|Win32.ActiveCfg = Debug|Win32
		{F819DCA4-5597-4470-9D1C-B52CA51B4649}.Debug|Win32.Build.0 = Debug|Win32
		{F819DCA4-5597-4470-9D1C-B52CA51B4649}.Debug|x64.ActiveCfg = Debug|Win32
		{F819DCA4-5597-4470-9D1C-B52CA51B4649}.Release|Any CPU.ActiveCfg = Release|Win32
		{F819DCA4-5597-4470-9D1C-B52CA51B4649}.Release|Mixed Platforms.ActiveCfg = Release|Win32
		{F819DCA4-5597-4470-9D1C-B52CA51B4649}.Release|Mixed Platforms.Build.0 = Release|Win32
		{F819DCA4-5597-4470-9D1C-B52CA51B4649}.Release|Win32.ActiveCfg = Release|Win32
		{F819DCA4-5597-4470-9D1C-B52CA51B4649}.Release|Win32.Build.0 = Release|Win32
		{F819DCA4-5597-4470-9D1C-B52CA51B4649}.Release|x64.ActiveCfg = Release|Win32
	EndGlobalSection
	GlobalSection(SolutionProperties) = preSolution
		HideSolutionNode = FALSE
	EndGlobalSection
	GlobalSection(NestedProjects) = preSolution
		{2FB8FCD7-B6BB-4D31-B0BC-190674DFCF2B} = {90B4AC52-C8DC-459A-9A45-0C8549014B56}
		{001E5AB4-8FC9-47E0-A403-C194F23C26BD} = {90B4AC52-C8DC-459A-9A45-0C8549014B56}
		{938A4809-2142-40FC-A387-3E57A7B1EE7F} = {60EE337D-9B74-46AE-91A0-26046B55B628}
		{56836235-D541-409F-8627-9E4C8904EACC} = {60EE337D-9B74-46AE-91A0-26046B55B628}
		{D1D7F99C-B3E1-4A6F-86CA-FB391CE3D410} = {390ED6EC-6CDE-42C8-9CC4-0E552CF2F2D2}
		{F819DCA4-5597-4470-9D1C-B52CA51B4649} = {390ED6EC-6CDE-42C8-9CC4-0E552CF2F2D2}
	EndGlobalSection
EndGlobal
